// !$*UTF8*$!
{
	archiveVersion = 1;
	classes = {
	};
	objectVersion = 46;
	objects = {

/* Begin PBXBuildFile section */
		0911FF3B2202523D00A41319 /* AppDelegate.swift in Sources */ = {isa = PBXBuildFile; fileRef = 0911FF3A2202523D00A41319 /* AppDelegate.swift */; };
		0911FF3D2202523D00A41319 /* GameScene.sks in Resources */ = {isa = PBXBuildFile; fileRef = 0911FF3C2202523D00A41319 /* GameScene.sks */; };
		0911FF3F2202523D00A41319 /* Actions.sks in Resources */ = {isa = PBXBuildFile; fileRef = 0911FF3E2202523D00A41319 /* Actions.sks */; };
		0911FF412202523D00A41319 /* GameScene.swift in Sources */ = {isa = PBXBuildFile; fileRef = 0911FF402202523D00A41319 /* GameScene.swift */; };
		0911FF432202523D00A41319 /* GameViewController.swift in Sources */ = {isa = PBXBuildFile; fileRef = 0911FF422202523D00A41319 /* GameViewController.swift */; };
		0911FF462202523D00A41319 /* Main.storyboard in Resources */ = {isa = PBXBuildFile; fileRef = 0911FF442202523D00A41319 /* Main.storyboard */; };
		0911FF482202523D00A41319 /* Assets.xcassets in Resources */ = {isa = PBXBuildFile; fileRef = 0911FF472202523D00A41319 /* Assets.xcassets */; };
		0911FF4B2202523D00A41319 /* LaunchScreen.storyboard in Resources */ = {isa = PBXBuildFile; fileRef = 0911FF492202523D00A41319 /* LaunchScreen.storyboard */; };
		0911FF562202523D00A41319 /* TreasureBoundTests.swift in Sources */ = {isa = PBXBuildFile; fileRef = 0911FF552202523D00A41319 /* TreasureBoundTests.swift */; };
		0911FF612202523D00A41319 /* TreasureBoundUITests.swift in Sources */ = {isa = PBXBuildFile; fileRef = 0911FF602202523D00A41319 /* TreasureBoundUITests.swift */; };
/* End PBXBuildFile section */

/* Begin PBXContainerItemProxy section */
		0911FF522202523D00A41319 /* PBXContainerItemProxy */ = {
			isa = PBXContainerItemProxy;
			containerPortal = 0911FF2F2202523D00A41319 /* Project object */;
			proxyType = 1;
			remoteGlobalIDString = 0911FF362202523D00A41319;
			remoteInfo = TreasureBound;
		};
		0911FF5D2202523D00A41319 /* PBXContainerItemProxy */ = {
			isa = PBXContainerItemProxy;
			containerPortal = 0911FF2F2202523D00A41319 /* Project object */;
			proxyType = 1;
			remoteGlobalIDString = 0911FF362202523D00A41319;
			remoteInfo = TreasureBound;
		};
/* End PBXContainerItemProxy section */

/* Begin PBXFileReference section */
		0911FF372202523D00A41319 /* TreasureBound.app */ = {isa = PBXFileReference; explicitFileType = wrapper.application; includeInIndex = 0; path = TreasureBound.app; sourceTree = BUILT_PRODUCTS_DIR; };
		0911FF3A2202523D00A41319 /* AppDelegate.swift */ = {isa = PBXFileReference; lastKnownFileType = sourcecode.swift; path = AppDelegate.swift; sourceTree = "<group>"; };
		0911FF3C2202523D00A41319 /* GameScene.sks */ = {isa = PBXFileReference; lastKnownFileType = file.sks; path = GameScene.sks; sourceTree = "<group>"; };
		0911FF3E2202523D00A41319 /* Actions.sks */ = {isa = PBXFileReference; lastKnownFileType = file.sks; path = Actions.sks; sourceTree = "<group>"; };
		0911FF402202523D00A41319 /* GameScene.swift */ = {isa = PBXFileReference; lastKnownFileType = sourcecode.swift; path = GameScene.swift; sourceTree = "<group>"; };
		0911FF422202523D00A41319 /* GameViewController.swift */ = {isa = PBXFileReference; lastKnownFileType = sourcecode.swift; path = GameViewController.swift; sourceTree = "<group>"; };
		0911FF452202523D00A41319 /* Base */ = {isa = PBXFileReference; lastKnownFileType = file.storyboard; name = Base; path = Base.lproj/Main.storyboard; sourceTree = "<group>"; };
		0911FF472202523D00A41319 /* Assets.xcassets */ = {isa = PBXFileReference; lastKnownFileType = folder.assetcatalog; path = Assets.xcassets; sourceTree = "<group>"; };
		0911FF4A2202523D00A41319 /* Base */ = {isa = PBXFileReference; lastKnownFileType = file.storyboard; name = Base; path = Base.lproj/LaunchScreen.storyboard; sourceTree = "<group>"; };
		0911FF4C2202523D00A41319 /* Info.plist */ = {isa = PBXFileReference; lastKnownFileType = text.plist.xml; path = Info.plist; sourceTree = "<group>"; };
		0911FF512202523D00A41319 /* TreasureBoundTests.xctest */ = {isa = PBXFileReference; explicitFileType = wrapper.cfbundle; includeInIndex = 0; path = TreasureBoundTests.xctest; sourceTree = BUILT_PRODUCTS_DIR; };
		0911FF552202523D00A41319 /* TreasureBoundTests.swift */ = {isa = PBXFileReference; lastKnownFileType = sourcecode.swift; path = TreasureBoundTests.swift; sourceTree = "<group>"; };
		0911FF572202523D00A41319 /* Info.plist */ = {isa = PBXFileReference; lastKnownFileType = text.plist.xml; path = Info.plist; sourceTree = "<group>"; };
		0911FF5C2202523D00A41319 /* TreasureBoundUITests.xctest */ = {isa = PBXFileReference; explicitFileType = wrapper.cfbundle; includeInIndex = 0; path = TreasureBoundUITests.xctest; sourceTree = BUILT_PRODUCTS_DIR; };
		0911FF602202523D00A41319 /* TreasureBoundUITests.swift */ = {isa = PBXFileReference; lastKnownFileType = sourcecode.swift; path = TreasureBoundUITests.swift; sourceTree = "<group>"; };
		0911FF622202523D00A41319 /* Info.plist */ = {isa = PBXFileReference; lastKnownFileType = text.plist.xml; path = Info.plist; sourceTree = "<group>"; };
/* End PBXFileReference section */

/* Begin PBXFrameworksBuildPhase section */
		0911FF342202523D00A41319 /* Frameworks */ = {
			isa = PBXFrameworksBuildPhase;
			buildActionMask = 2147483647;
			files = (
			);
			runOnlyForDeploymentPostprocessing = 0;
		};
		0911FF4E2202523D00A41319 /* Frameworks */ = {
			isa = PBXFrameworksBuildPhase;
			buildActionMask = 2147483647;
			files = (
			);
			runOnlyForDeploymentPostprocessing = 0;
		};
		0911FF592202523D00A41319 /* Frameworks */ = {
			isa = PBXFrameworksBuildPhase;
			buildActionMask = 2147483647;
			files = (
			);
			runOnlyForDeploymentPostprocessing = 0;
		};
/* End PBXFrameworksBuildPhase section */

/* Begin PBXGroup section */
		0911FF2E2202523D00A41319 = {
			isa = PBXGroup;
			children = (
				0911FF392202523D00A41319 /* TreasureBound */,
				0911FF542202523D00A41319 /* TreasureBoundTests */,
				0911FF5F2202523D00A41319 /* TreasureBoundUITests */,
				0911FF382202523D00A41319 /* Products */,
			);
			sourceTree = "<group>";
		};
		0911FF382202523D00A41319 /* Products */ = {
			isa = PBXGroup;
			children = (
				0911FF372202523D00A41319 /* TreasureBound.app */,
				0911FF512202523D00A41319 /* TreasureBoundTests.xctest */,
				0911FF5C2202523D00A41319 /* TreasureBoundUITests.xctest */,
			);
			name = Products;
			sourceTree = "<group>";
		};
		0911FF392202523D00A41319 /* TreasureBound */ = {
			isa = PBXGroup;
			children = (
				0911FF3A2202523D00A41319 /* AppDelegate.swift */,
				0911FF3C2202523D00A41319 /* GameScene.sks */,
				0911FF3E2202523D00A41319 /* Actions.sks */,
				0911FF402202523D00A41319 /* GameScene.swift */,
				0911FF422202523D00A41319 /* GameViewController.swift */,
				0911FF442202523D00A41319 /* Main.storyboard */,
				0911FF472202523D00A41319 /* Assets.xcassets */,
				0911FF492202523D00A41319 /* LaunchScreen.storyboard */,
				0911FF4C2202523D00A41319 /* Info.plist */,
			);
			path = TreasureBound;
			sourceTree = "<group>";
		};
		0911FF542202523D00A41319 /* TreasureBoundTests */ = {
			isa = PBXGroup;
			children = (
				0911FF552202523D00A41319 /* TreasureBoundTests.swift */,
				0911FF572202523D00A41319 /* Info.plist */,
			);
			path = TreasureBoundTests;
			sourceTree = "<group>";
		};
		0911FF5F2202523D00A41319 /* TreasureBoundUITests */ = {
			isa = PBXGroup;
			children = (
				0911FF602202523D00A41319 /* TreasureBoundUITests.swift */,
				0911FF622202523D00A41319 /* Info.plist */,
			);
			path = TreasureBoundUITests;
			sourceTree = "<group>";
		};
/* End PBXGroup section */

/* Begin PBXNativeTarget section */
		0911FF362202523D00A41319 /* TreasureBound */ = {
			isa = PBXNativeTarget;
			buildConfigurationList = 0911FF652202523E00A41319 /* Build configuration list for PBXNativeTarget "TreasureBound" */;
			buildPhases = (
				0911FF332202523D00A41319 /* Sources */,
				0911FF342202523D00A41319 /* Frameworks */,
				0911FF352202523D00A41319 /* Resources */,
			);
			buildRules = (
			);
			dependencies = (
			);
			name = TreasureBound;
			productName = TreasureBound;
			productReference = 0911FF372202523D00A41319 /* TreasureBound.app */;
			productType = "com.apple.product-type.application";
		};
		0911FF502202523D00A41319 /* TreasureBoundTests */ = {
			isa = PBXNativeTarget;
			buildConfigurationList = 0911FF682202523E00A41319 /* Build configuration list for PBXNativeTarget "TreasureBoundTests" */;
			buildPhases = (
				0911FF4D2202523D00A41319 /* Sources */,
				0911FF4E2202523D00A41319 /* Frameworks */,
				0911FF4F2202523D00A41319 /* Resources */,
			);
			buildRules = (
			);
			dependencies = (
				0911FF532202523D00A41319 /* PBXTargetDependency */,
			);
			name = TreasureBoundTests;
			productName = TreasureBoundTests;
			productReference = 0911FF512202523D00A41319 /* TreasureBoundTests.xctest */;
			productType = "com.apple.product-type.bundle.unit-test";
		};
		0911FF5B2202523D00A41319 /* TreasureBoundUITests */ = {
			isa = PBXNativeTarget;
			buildConfigurationList = 0911FF6B2202523E00A41319 /* Build configuration list for PBXNativeTarget "TreasureBoundUITests" */;
			buildPhases = (
				0911FF582202523D00A41319 /* Sources */,
				0911FF592202523D00A41319 /* Frameworks */,
				0911FF5A2202523D00A41319 /* Resources */,
			);
			buildRules = (
			);
			dependencies = (
				0911FF5E2202523D00A41319 /* PBXTargetDependency */,
			);
			name = TreasureBoundUITests;
			productName = TreasureBoundUITests;
			productReference = 0911FF5C2202523D00A41319 /* TreasureBoundUITests.xctest */;
			productType = "com.apple.product-type.bundle.ui-testing";
		};
/* End PBXNativeTarget section */

/* Begin PBXProject section */
		0911FF2F2202523D00A41319 /* Project object */ = {
			isa = PBXProject;
			attributes = {
				LastSwiftUpdateCheck = 0820;
				LastUpgradeCheck = 0820;
				ORGANIZATIONNAME = BrokeAssGames;
				TargetAttributes = {
					0911FF362202523D00A41319 = {
						CreatedOnToolsVersion = 8.2.1;
						ProvisioningStyle = Automatic;
					};
					0911FF502202523D00A41319 = {
						CreatedOnToolsVersion = 8.2.1;
						ProvisioningStyle = Automatic;
						TestTargetID = 0911FF362202523D00A41319;
					};
					0911FF5B2202523D00A41319 = {
						CreatedOnToolsVersion = 8.2.1;
						ProvisioningStyle = Automatic;
						TestTargetID = 0911FF362202523D00A41319;
					};
				};
			};
			buildConfigurationList = 0911FF322202523D00A41319 /* Build configuration list for PBXProject "TreasureBound" */;
			compatibilityVersion = "Xcode 3.2";
			developmentRegion = English;
			hasScannedForEncodings = 0;
			knownRegions = (
				en,
				Base,
			);
			mainGroup = 0911FF2E2202523D00A41319;
			productRefGroup = 0911FF382202523D00A41319 /* Products */;
			projectDirPath = "";
			projectRoot = "";
			targets = (
				0911FF362202523D00A41319 /* TreasureBound */,
				0911FF502202523D00A41319 /* TreasureBoundTests */,
				0911FF5B2202523D00A41319 /* TreasureBoundUITests */,
			);
		};
/* End PBXProject section */

/* Begin PBXResourcesBuildPhase section */
		0911FF352202523D00A41319 /* Resources */ = {
			isa = PBXResourcesBuildPhase;
			buildActionMask = 2147483647;
			files = (
				0911FF462202523D00A41319 /* Main.storyboard in Resources */,
				0911FF3D2202523D00A41319 /* GameScene.sks in Resources */,
				0911FF482202523D00A41319 /* Assets.xcassets in Resources */,
				0911FF4B2202523D00A41319 /* LaunchScreen.storyboard in Resources */,
				0911FF3F2202523D00A41319 /* Actions.sks in Resources */,
			);
			runOnlyForDeploymentPostprocessing = 0;
		};
		0911FF4F2202523D00A41319 /* Resources */ = {
			isa = PBXResourcesBuildPhase;
			buildActionMask = 2147483647;
			files = (
			);
			runOnlyForDeploymentPostprocessing = 0;
		};
		0911FF5A2202523D00A41319 /* Resources */ = {
			isa = PBXResourcesBuildPhase;
			buildActionMask = 2147483647;
			files = (
			);
			runOnlyForDeploymentPostprocessing = 0;
		};
/* End PBXResourcesBuildPhase section */

/* Begin PBXSourcesBuildPhase section */
		0911FF332202523D00A41319 /* Sources */ = {
			isa = PBXSourcesBuildPhase;
			buildActionMask = 2147483647;
			files = (
				0911FF412202523D00A41319 /* GameScene.swift in Sources */,
				0911FF432202523D00A41319 /* GameViewController.swift in Sources */,
				0911FF3B2202523D00A41319 /* AppDelegate.swift in Sources */,
			);
			runOnlyForDeploymentPostprocessing = 0;
		};
		0911FF4D2202523D00A41319 /* Sources */ = {
			isa = PBXSourcesBuildPhase;
			buildActionMask = 2147483647;
			files = (
				0911FF562202523D00A41319 /* TreasureBoundTests.swift in Sources */,
			);
			runOnlyForDeploymentPostprocessing = 0;
		};
		0911FF582202523D00A41319 /* Sources */ = {
			isa = PBXSourcesBuildPhase;
			buildActionMask = 2147483647;
			files = (
				0911FF612202523D00A41319 /* TreasureBoundUITests.swift in Sources */,
			);
			runOnlyForDeploymentPostprocessing = 0;
		};
/* End PBXSourcesBuildPhase section */

/* Begin PBXTargetDependency section */
		0911FF532202523D00A41319 /* PBXTargetDependency */ = {
			isa = PBXTargetDependency;
			target = 0911FF362202523D00A41319 /* TreasureBound */;
			targetProxy = 0911FF522202523D00A41319 /* PBXContainerItemProxy */;
		};
		0911FF5E2202523D00A41319 /* PBXTargetDependency */ = {
			isa = PBXTargetDependency;
			target = 0911FF362202523D00A41319 /* TreasureBound */;
			targetProxy = 0911FF5D2202523D00A41319 /* PBXContainerItemProxy */;
		};
/* End PBXTargetDependency section */

/* Begin PBXVariantGroup section */
		0911FF442202523D00A41319 /* Main.storyboard */ = {
			isa = PBXVariantGroup;
			children = (
				0911FF452202523D00A41319 /* Base */,
			);
			name = Main.storyboard;
			sourceTree = "<group>";
		};
		0911FF492202523D00A41319 /* LaunchScreen.storyboard */ = {
			isa = PBXVariantGroup;
			children = (
				0911FF4A2202523D00A41319 /* Base */,
			);
			name = LaunchScreen.storyboard;
			sourceTree = "<group>";
		};
/* End PBXVariantGroup section */

/* Begin XCBuildConfiguration section */
		0911FF632202523E00A41319 /* Debug */ = {
			isa = XCBuildConfiguration;
			buildSettings = {
				ALWAYS_SEARCH_USER_PATHS = NO;
				CLANG_ANALYZER_NONNULL = YES;
				CLANG_CXX_LANGUAGE_STANDARD = "gnu++0x";
				CLANG_CXX_LIBRARY = "libc++";
				CLANG_ENABLE_MODULES = YES;
				CLANG_ENABLE_OBJC_ARC = YES;
				CLANG_WARN_BOOL_CONVERSION = YES;
				CLANG_WARN_CONSTANT_CONVERSION = YES;
				CLANG_WARN_DIRECT_OBJC_ISA_USAGE = YES_ERROR;
				CLANG_WARN_DOCUMENTATION_COMMENTS = YES;
				CLANG_WARN_EMPTY_BODY = YES;
				CLANG_WARN_ENUM_CONVERSION = YES;
				CLANG_WARN_INFINITE_RECURSION = YES;
				CLANG_WARN_INT_CONVERSION = YES;
				CLANG_WARN_OBJC_ROOT_CLASS = YES_ERROR;
				CLANG_WARN_SUSPICIOUS_MOVE = YES;
				CLANG_WARN_UNREACHABLE_CODE = YES;
				CLANG_WARN__DUPLICATE_METHOD_MATCH = YES;
				"CODE_SIGN_IDENTITY[sdk=iphoneos*]" = "iPhone Developer";
				COPY_PHASE_STRIP = NO;
				DEBUG_INFORMATION_FORMAT = dwarf;
				ENABLE_STRICT_OBJC_MSGSEND = YES;
				ENABLE_TESTABILITY = YES;
				GCC_C_LANGUAGE_STANDARD = gnu99;
				GCC_DYNAMIC_NO_PIC = NO;
				GCC_NO_COMMON_BLOCKS = YES;
				GCC_OPTIMIZATION_LEVEL = 0;
				GCC_PREPROCESSOR_DEFINITIONS = (
					"DEBUG=1",
					"$(inherited)",
				);
				GCC_WARN_64_TO_32_BIT_CONVERSION = YES;
				GCC_WARN_ABOUT_RETURN_TYPE = YES_ERROR;
				GCC_WARN_UNDECLARED_SELECTOR = YES;
				GCC_WARN_UNINITIALIZED_AUTOS = YES_AGGRESSIVE;
				GCC_WARN_UNUSED_FUNCTION = YES;
				GCC_WARN_UNUSED_VARIABLE = YES;
				IPHONEOS_DEPLOYMENT_TARGET = 10.2;
				MTL_ENABLE_DEBUG_INFO = YES;
				ONLY_ACTIVE_ARCH = YES;
				SDKROOT = iphoneos;
				SWIFT_ACTIVE_COMPILATION_CONDITIONS = DEBUG;
				SWIFT_OPTIMIZATION_LEVEL = "-Onone";
				TARGETED_DEVICE_FAMILY = "1,2";
			};
			name = Debug;
		};
		0911FF642202523E00A41319 /* Release */ = {
			isa = XCBuildConfiguration;
			buildSettings = {
				ALWAYS_SEARCH_USER_PATHS = NO;
				CLANG_ANALYZER_NONNULL = YES;
				CLANG_CXX_LANGUAGE_STANDARD = "gnu++0x";
				CLANG_CXX_LIBRARY = "libc++";
				CLANG_ENABLE_MODULES = YES;
				CLANG_ENABLE_OBJC_ARC = YES;
				CLANG_WARN_BOOL_CONVERSION = YES;
				CLANG_WARN_CONSTANT_CONVERSION = YES;
				CLANG_WARN_DIRECT_OBJC_ISA_USAGE = YES_ERROR;
				CLANG_WARN_DOCUMENTATION_COMMENTS = YES;
				CLANG_WARN_EMPTY_BODY = YES;
				CLANG_WARN_ENUM_CONVERSION = YES;
				CLANG_WARN_INFINITE_RECURSION = YES;
				CLANG_WARN_INT_CONVERSION = YES;
				CLANG_WARN_OBJC_ROOT_CLASS = YES_ERROR;
				CLANG_WARN_SUSPICIOUS_MOVE = YES;
				CLANG_WARN_UNREACHABLE_CODE = YES;
				CLANG_WARN__DUPLICATE_METHOD_MATCH = YES;
				"CODE_SIGN_IDENTITY[sdk=iphoneos*]" = "iPhone Developer";
				COPY_PHASE_STRIP = NO;
				DEBUG_INFORMATION_FORMAT = "dwarf-with-dsym";
				ENABLE_NS_ASSERTIONS = NO;
				ENABLE_STRICT_OBJC_MSGSEND = YES;
				GCC_C_LANGUAGE_STANDARD = gnu99;
				GCC_NO_COMMON_BLOCKS = YES;
				GCC_WARN_64_TO_32_BIT_CONVERSION = YES;
				GCC_WARN_ABOUT_RETURN_TYPE = YES_ERROR;
				GCC_WARN_UNDECLARED_SELECTOR = YES;
				GCC_WARN_UNINITIALIZED_AUTOS = YES_AGGRESSIVE;
				GCC_WARN_UNUSED_FUNCTION = YES;
				GCC_WARN_UNUSED_VARIABLE = YES;
				IPHONEOS_DEPLOYMENT_TARGET = 10.2;
				MTL_ENABLE_DEBUG_INFO = NO;
				SDKROOT = iphoneos;
				SWIFT_OPTIMIZATION_LEVEL = "-Owholemodule";
				TARGETED_DEVICE_FAMILY = "1,2";
				VALIDATE_PRODUCT = YES;
			};
			name = Release;
		};
		0911FF662202523E00A41319 /* Debug */ = {
			isa = XCBuildConfiguration;
			buildSettings = {
				ASSETCATALOG_COMPILER_APPICON_NAME = AppIcon;
				INFOPLIST_FILE = TreasureBound/Info.plist;
				LD_RUNPATH_SEARCH_PATHS = "$(inherited) @executable_path/Frameworks";
				PRODUCT_BUNDLE_IDENTIFIER = BrokeAssGames.TreasureBound;
				PRODUCT_NAME = "$(TARGET_NAME)";
				SWIFT_VERSION = 3.0;
			};
			name = Debug;
		};
		0911FF672202523E00A41319 /* Release */ = {
			isa = XCBuildConfiguration;
			buildSettings = {
				ASSETCATALOG_COMPILER_APPICON_NAME = AppIcon;
				INFOPLIST_FILE = TreasureBound/Info.plist;
				LD_RUNPATH_SEARCH_PATHS = "$(inherited) @executable_path/Frameworks";
				PRODUCT_BUNDLE_IDENTIFIER = BrokeAssGames.TreasureBound;
				PRODUCT_NAME = "$(TARGET_NAME)";
				SWIFT_VERSION = 3.0;
			};
			name = Release;
		};
		0911FF692202523E00A41319 /* Debug */ = {
			isa = XCBuildConfiguration;
			buildSettings = {
				ALWAYS_EMBED_SWIFT_STANDARD_LIBRARIES = YES;
				BUNDLE_LOADER = "$(TEST_HOST)";
				INFOPLIST_FILE = TreasureBoundTests/Info.plist;
				LD_RUNPATH_SEARCH_PATHS = "$(inherited) @executable_path/Frameworks @loader_path/Frameworks";
				PRODUCT_BUNDLE_IDENTIFIER = BrokeAssGames.TreasureBoundTests;
				PRODUCT_NAME = "$(TARGET_NAME)";
				SWIFT_VERSION = 3.0;
				TEST_HOST = "$(BUILT_PRODUCTS_DIR)/TreasureBound.app/TreasureBound";
			};
			name = Debug;
		};
		0911FF6A2202523E00A41319 /* Release */ = {
			isa = XCBuildConfiguration;
			buildSettings = {
				ALWAYS_EMBED_SWIFT_STANDARD_LIBRARIES = YES;
				BUNDLE_LOADER = "$(TEST_HOST)";
				INFOPLIST_FILE = TreasureBoundTests/Info.plist;
				LD_RUNPATH_SEARCH_PATHS = "$(inherited) @executable_path/Frameworks @loader_path/Frameworks";
				PRODUCT_BUNDLE_IDENTIFIER = BrokeAssGames.TreasureBoundTests;
				PRODUCT_NAME = "$(TARGET_NAME)";
				SWIFT_VERSION = 3.0;
				TEST_HOST = "$(BUILT_PRODUCTS_DIR)/TreasureBound.app/TreasureBound";
			};
			name = Release;
		};
		0911FF6C2202523E00A41319 /* Debug */ = {
			isa = XCBuildConfiguration;
			buildSettings = {
				ALWAYS_EMBED_SWIFT_STANDARD_LIBRARIES = YES;
				INFOPLIST_FILE = TreasureBoundUITests/Info.plist;
				LD_RUNPATH_SEARCH_PATHS = "$(inherited) @executable_path/Frameworks @loader_path/Frameworks";
				PRODUCT_BUNDLE_IDENTIFIER = BrokeAssGames.TreasureBoundUITests;
				PRODUCT_NAME = "$(TARGET_NAME)";
				SWIFT_VERSION = 3.0;
				TEST_TARGET_NAME = TreasureBound;
			};
			name = Debug;
		};
		0911FF6D2202523E00A41319 /* Release */ = {
			isa = XCBuildConfiguration;
			buildSettings = {
				ALWAYS_EMBED_SWIFT_STANDARD_LIBRARIES = YES;
				INFOPLIST_FILE = TreasureBoundUITests/Info.plist;
				LD_RUNPATH_SEARCH_PATHS = "$(inherited) @executable_path/Frameworks @loader_path/Frameworks";
				PRODUCT_BUNDLE_IDENTIFIER = BrokeAssGames.TreasureBoundUITests;
				PRODUCT_NAME = "$(TARGET_NAME)";
				SWIFT_VERSION = 3.0;
				TEST_TARGET_NAME = TreasureBound;
			};
			name = Release;
		};
/* End XCBuildConfiguration section */

/* Begin XCConfigurationList section */
		0911FF322202523D00A41319 /* Build configuration list for PBXProject "TreasureBound" */ = {
			isa = XCConfigurationList;
			buildConfigurations = (
				0911FF632202523E00A41319 /* Debug */,
				0911FF642202523E00A41319 /* Release */,
			);
			defaultConfigurationIsVisible = 0;
			defaultConfigurationName = Release;
		};
		0911FF652202523E00A41319 /* Build configuration list for PBXNativeTarget "TreasureBound" */ = {
			isa = XCConfigurationList;
			buildConfigurations = (
				0911FF662202523E00A41319 /* Debug */,
				0911FF672202523E00A41319 /* Release */,
			);
			defaultConfigurationIsVisible = 0;
		};
		0911FF682202523E00A41319 /* Build configuration list for PBXNativeTarget "TreasureBoundTests" */ = {
			isa = XCConfigurationList;
			buildConfigurations = (
				0911FF692202523E00A41319 /* Debug */,
				0911FF6A2202523E00A41319 /* Release */,
			);
			defaultConfigurationIsVisible = 0;
		};
		0911FF6B2202523E00A41319 /* Build configuration list for PBXNativeTarget "TreasureBoundUITests" */ = {
			isa = XCConfigurationList;
			buildConfigurations = (
				0911FF6C2202523E00A41319 /* Debug */,
				0911FF6D2202523E00A41319 /* Release */,
			);
			defaultConfigurationIsVisible = 0;
		};
/* End XCConfigurationList section */
	};
	rootObject = 0911FF2F2202523D00A41319 /* Project object */;
}
